
Microsoft Visual Studio Solution File, Format Version 12.00
# Visual Studio Version 17
VisualStudioVersion = 17.10.35122.118
MinimumVisualStudioVersion = 10.0.40219.1
Project("{FAE04EC0-301F-11D3-BF4B-00C04F79EFBC}") = "SisandAirlines.Domain", "SisandAirlines.Domain\SisandAirlines.Domain.csproj", "{FCD90006-9487-4D5D-9E04-CD719625117B}"
EndProject
Project("{FAE04EC0-301F-11D3-BF4B-00C04F79EFBC}") = "SisandAirlines.Infra", "SisandAirlines.Infra\SisandAirlines.Infra.csproj", "{B9972BE0-7EFA-4450-84E5-8273E90AB38E}"
EndProject
Project("{FAE04EC0-301F-11D3-BF4B-00C04F79EFBC}") = "SisandAirlines.Application", "SisandAirlines.Application\SisandAirlines.Application.csproj", "{E3CDD07F-A475-4C4F-BD8A-005B33EB01E5}"
EndProject
Project("{FAE04EC0-301F-11D3-BF4B-00C04F79EFBC}") = "SisandAirlines.Shared", "SisandAirlines.Shared\SisandAirlines.Shared.csproj", "{F2F88F23-B0FC-410F-BA74-799F8665D8CF}"
EndProject
Project("{FAE04EC0-301F-11D3-BF4B-00C04F79EFBC}") = "SisandAirlines.Api", "SisandAirlines.Api\SisandAirlines.Api.csproj", "{B4CA4C8A-C548-4F9C-87ED-C091109DC6F5}"
EndProject
Global
	GlobalSection(SolutionConfigurationPlatforms) = preSolution
		Debug|Any CPU = Debug|Any CPU
		Release|Any CPU = Release|Any CPU
	EndGlobalSection
	GlobalSection(ProjectConfigurationPlatforms) = postSolution
		{FCD90006-9487-4D5D-9E04-CD719625117B}.Debug|Any CPU.ActiveCfg = Debug|Any CPU
		{FCD90006-9487-4D5D-9E04-CD719625117B}.Debug|Any CPU.Build.0 = Debug|Any CPU
		{FCD90006-9487-4D5D-9E04-CD719625117B}.Release|Any CPU.ActiveCfg = Release|Any CPU
		{FCD90006-9487-4D5D-9E04-CD719625117B}.Release|Any CPU.Build.0 = Release|Any CPU
		{B9972BE0-7EFA-4450-84E5-8273E90AB38E}.Debug|Any CPU.ActiveCfg = Debug|Any CPU
		{B9972BE0-7EFA-4450-84E5-8273E90AB38E}.Debug|Any CPU.Build.0 = Debug|Any CPU
		{B9972BE0-7EFA-4450-84E5-8273E90AB38E}.Release|Any CPU.ActiveCfg = Release|Any CPU
		{B9972BE0-7EFA-4450-84E5-8273E90AB38E}.Release|Any CPU.Build.0 = Release|Any CPU
		{E3CDD07F-A475-4C4F-BD8A-005B33EB01E5}.Debug|Any CPU.ActiveCfg = Debug|Any CPU
		{E3CDD07F-A475-4C4F-BD8A-005B33EB01E5}.Debug|Any CPU.Build.0 = Debug|Any CPU
		{E3CDD07F-A475-4C4F-BD8A-005B33EB01E5}.Release|Any CPU.ActiveCfg = Release|Any CPU
		{E3CDD07F-A475-4C4F-BD8A-005B33EB01E5}.Release|Any CPU.Build.0 = Release|Any CPU
		{F2F88F23-B0FC-410F-BA74-799F8665D8CF}.Debug|Any CPU.ActiveCfg = Debug|Any CPU
		{F2F88F23-B0FC-410F-BA74-799F8665D8CF}.Debug|Any CPU.Build.0 = Debug|Any CPU
		{F2F88F23-B0FC-410F-BA74-799F8665D8CF}.Release|Any CPU.ActiveCfg = Release|Any CPU
		{F2F88F23-B0FC-410F-BA74-799F8665D8CF}.Release|Any CPU.Build.0 = Release|Any CPU
		{B4CA4C8A-C548-4F9C-87ED-C091109DC6F5}.Debug|Any CPU.ActiveCfg = Debug|Any CPU
		{B4CA4C8A-C548-4F9C-87ED-C091109DC6F5}.Debug|Any CPU.Build.0 = Debug|Any CPU
		{B4CA4C8A-C548-4F9C-87ED-C091109DC6F5}.Release|Any CPU.ActiveCfg = Release|Any CPU
		{B4CA4C8A-C548-4F9C-87ED-C091109DC6F5}.Release|Any CPU.Build.0 = Release|Any CPU
	EndGlobalSection
	GlobalSection(SolutionProperties) = preSolution
		HideSolutionNode = FALSE
	EndGlobalSection
	GlobalSection(ExtensibilityGlobals) = postSolution
		SolutionGuid = {F4B0C67F-870C-4614-A36A-E0F7222DCE07}
	EndGlobalSection
EndGlobal
